
Microsoft Visual Studio Solution File, Format Version 12.00
# Visual Studio Version 17
VisualStudioVersion = 17.0.32112.339
MinimumVisualStudioVersion = 10.0.40219.1
Project("{FAE04EC0-301F-11D3-BF4B-00C04F79EFBC}") = "FilzenConsolePlayground", "FilzenConsolePlayground\FilzenConsolePlayground.csproj", "{FCD704AC-01A2-49D8-9DE7-5132FBCDA2FC}"
EndProject
Global
	GlobalSection(SolutionConfigurationPlatforms) = preSolution
		Debug|Any CPU = Debug|Any CPU
		Release|Any CPU = Release|Any CPU
	EndGlobalSection
	GlobalSection(ProjectConfigurationPlatforms) = postSolution
		{FCD704AC-01A2-49D8-9DE7-5132FBCDA2FC}.Debug|Any CPU.ActiveCfg = Debug|Any CPU
		{FCD704AC-01A2-49D8-9DE7-5132FBCDA2FC}.Debug|Any CPU.Build.0 = Debug|Any CPU
		{FCD704AC-01A2-49D8-9DE7-5132FBCDA2FC}.Release|Any CPU.ActiveCfg = Release|Any CPU
		{FCD704AC-01A2-49D8-9DE7-5132FBCDA2FC}.Release|Any CPU.Build.0 = Release|Any CPU
	EndGlobalSection
	GlobalSection(SolutionProperties) = preSolution
		HideSolutionNode = FALSE
	EndGlobalSection
	GlobalSection(ExtensibilityGlobals) = postSolution
		SolutionGuid = {EFEA67F9-B4F9-4EB8-8970-3BC83D3F0661}
	EndGlobalSection
EndGlobal
